// !$*UTF8*$!
{
	archiveVersion = 1;
	classes = {
	};
	objectVersion = 46;
	objects = {

/* Begin PBXBuildFile section */
		132D7404350093A0EE53AA54 /* Pods_SwiftyStrings.framework in Frameworks */ = {isa = PBXBuildFile; fileRef = B61B662F5D79572617F19D9B /* Pods_SwiftyStrings.framework */; };
		FDE2894D1F2A4CF20040B3C6 /* AppDelegate.swift in Sources */ = {isa = PBXBuildFile; fileRef = FDE2894C1F2A4CF20040B3C6 /* AppDelegate.swift */; };
		FDE2894F1F2A4CF20040B3C6 /* ViewController.swift in Sources */ = {isa = PBXBuildFile; fileRef = FDE2894E1F2A4CF20040B3C6 /* ViewController.swift */; };
		FDE289521F2A4CF20040B3C6 /* Main.storyboard in Resources */ = {isa = PBXBuildFile; fileRef = FDE289501F2A4CF20040B3C6 /* Main.storyboard */; };
		FDE289541F2A4CF20040B3C6 /* Assets.xcassets in Resources */ = {isa = PBXBuildFile; fileRef = FDE289531F2A4CF20040B3C6 /* Assets.xcassets */; };
		FDE289571F2A4CF20040B3C6 /* LaunchScreen.storyboard in Resources */ = {isa = PBXBuildFile; fileRef = FDE289551F2A4CF20040B3C6 /* LaunchScreen.storyboard */; };
		FDE289621F2A4CF20040B3C6 /* SwiftyStringsTests.swift in Sources */ = {isa = PBXBuildFile; fileRef = FDE289611F2A4CF20040B3C6 /* SwiftyStringsTests.swift */; };
/* End PBXBuildFile section */

/* Begin PBXContainerItemProxy section */
		FDE2895E1F2A4CF20040B3C6 /* PBXContainerItemProxy */ = {
			isa = PBXContainerItemProxy;
			containerPortal = FDE289411F2A4CF20040B3C6 /* Project object */;
			proxyType = 1;
			remoteGlobalIDString = FDE289481F2A4CF20040B3C6;
			remoteInfo = SwiftyStrings;
		};
/* End PBXContainerItemProxy section */

/* Begin PBXFileReference section */
		26A817484A4A811CE1D3F608 /* Pods-SwiftyStrings.debug.xcconfig */ = {isa = PBXFileReference; includeInIndex = 1; lastKnownFileType = text.xcconfig; name = "Pods-SwiftyStrings.debug.xcconfig"; path = "Pods/Target Support Files/Pods-SwiftyStrings/Pods-SwiftyStrings.debug.xcconfig"; sourceTree = "<group>"; };
		4662F688C436BEB4426E568E /* Pods-SwiftyStrings.release.xcconfig */ = {isa = PBXFileReference; includeInIndex = 1; lastKnownFileType = text.xcconfig; name = "Pods-SwiftyStrings.release.xcconfig"; path = "Pods/Target Support Files/Pods-SwiftyStrings/Pods-SwiftyStrings.release.xcconfig"; sourceTree = "<group>"; };
		B61B662F5D79572617F19D9B /* Pods_SwiftyStrings.framework */ = {isa = PBXFileReference; explicitFileType = wrapper.framework; includeInIndex = 0; path = Pods_SwiftyStrings.framework; sourceTree = BUILT_PRODUCTS_DIR; };
		FDE289491F2A4CF20040B3C6 /* SwiftyStrings.app */ = {isa = PBXFileReference; explicitFileType = wrapper.application; includeInIndex = 0; path = SwiftyStrings.app; sourceTree = BUILT_PRODUCTS_DIR; };
		FDE2894C1F2A4CF20040B3C6 /* AppDelegate.swift */ = {isa = PBXFileReference; lastKnownFileType = sourcecode.swift; path = AppDelegate.swift; sourceTree = "<group>"; };
		FDE2894E1F2A4CF20040B3C6 /* ViewController.swift */ = {isa = PBXFileReference; lastKnownFileType = sourcecode.swift; path = ViewController.swift; sourceTree = "<group>"; };
		FDE289511F2A4CF20040B3C6 /* Base */ = {isa = PBXFileReference; lastKnownFileType = file.storyboard; name = Base; path = Base.lproj/Main.storyboard; sourceTree = "<group>"; };
		FDE289531F2A4CF20040B3C6 /* Assets.xcassets */ = {isa = PBXFileReference; lastKnownFileType = folder.assetcatalog; path = Assets.xcassets; sourceTree = "<group>"; };
		FDE289561F2A4CF20040B3C6 /* Base */ = {isa = PBXFileReference; lastKnownFileType = file.storyboard; name = Base; path = Base.lproj/LaunchScreen.storyboard; sourceTree = "<group>"; };
		FDE289581F2A4CF20040B3C6 /* Info.plist */ = {isa = PBXFileReference; lastKnownFileType = text.plist.xml; path = Info.plist; sourceTree = "<group>"; };
		FDE2895D1F2A4CF20040B3C6 /* SwiftyStringsTests.xctest */ = {isa = PBXFileReference; explicitFileType = wrapper.cfbundle; includeInIndex = 0; path = SwiftyStringsTests.xctest; sourceTree = BUILT_PRODUCTS_DIR; };
		FDE289611F2A4CF20040B3C6 /* SwiftyStringsTests.swift */ = {isa = PBXFileReference; lastKnownFileType = sourcecode.swift; path = SwiftyStringsTests.swift; sourceTree = "<group>"; };
		FDE289631F2A4CF20040B3C6 /* Info.plist */ = {isa = PBXFileReference; lastKnownFileType = text.plist.xml; path = Info.plist; sourceTree = "<group>"; };
/* End PBXFileReference section */

/* Begin PBXFrameworksBuildPhase section */
		FDE289461F2A4CF20040B3C6 /* Frameworks */ = {
			isa = PBXFrameworksBuildPhase;
			buildActionMask = 2147483647;
			files = (
				132D7404350093A0EE53AA54 /* Pods_SwiftyStrings.framework in Frameworks */,
			);
			runOnlyForDeploymentPostprocessing = 0;
		};
		FDE2895A1F2A4CF20040B3C6 /* Frameworks */ = {
			isa = PBXFrameworksBuildPhase;
			buildActionMask = 2147483647;
			files = (
			);
			runOnlyForDeploymentPostprocessing = 0;
		};
/* End PBXFrameworksBuildPhase section */

/* Begin PBXGroup section */
		4183B4697126AC61BA17BB00 /* Frameworks */ = {
			isa = PBXGroup;
			children = (
				B61B662F5D79572617F19D9B /* Pods_SwiftyStrings.framework */,
			);
			name = Frameworks;
			sourceTree = "<group>";
		};
		8BBE661D9019777AD3B84785 /* Pods */ = {
			isa = PBXGroup;
			children = (
				26A817484A4A811CE1D3F608 /* Pods-SwiftyStrings.debug.xcconfig */,
				4662F688C436BEB4426E568E /* Pods-SwiftyStrings.release.xcconfig */,
			);
			name = Pods;
			sourceTree = "<group>";
		};
		FDE289401F2A4CF20040B3C6 = {
			isa = PBXGroup;
			children = (
				FDE2894B1F2A4CF20040B3C6 /* SwiftyStrings */,
				FDE289601F2A4CF20040B3C6 /* SwiftyStringsTests */,
				FDE2894A1F2A4CF20040B3C6 /* Products */,
				8BBE661D9019777AD3B84785 /* Pods */,
				4183B4697126AC61BA17BB00 /* Frameworks */,
			);
			sourceTree = "<group>";
		};
		FDE2894A1F2A4CF20040B3C6 /* Products */ = {
			isa = PBXGroup;
			children = (
				FDE289491F2A4CF20040B3C6 /* SwiftyStrings.app */,
				FDE2895D1F2A4CF20040B3C6 /* SwiftyStringsTests.xctest */,
			);
			name = Products;
			sourceTree = "<group>";
		};
		FDE2894B1F2A4CF20040B3C6 /* SwiftyStrings */ = {
			isa = PBXGroup;
			children = (
				FDE2894C1F2A4CF20040B3C6 /* AppDelegate.swift */,
				FDE2894E1F2A4CF20040B3C6 /* ViewController.swift */,
				FDE289501F2A4CF20040B3C6 /* Main.storyboard */,
				FDE289531F2A4CF20040B3C6 /* Assets.xcassets */,
				FDE289551F2A4CF20040B3C6 /* LaunchScreen.storyboard */,
				FDE289581F2A4CF20040B3C6 /* Info.plist */,
			);
			path = SwiftyStrings;
			sourceTree = "<group>";
		};
		FDE289601F2A4CF20040B3C6 /* SwiftyStringsTests */ = {
			isa = PBXGroup;
			children = (
				FDE289611F2A4CF20040B3C6 /* SwiftyStringsTests.swift */,
				FDE289631F2A4CF20040B3C6 /* Info.plist */,
			);
			path = SwiftyStringsTests;
			sourceTree = "<group>";
		};
/* End PBXGroup section */

/* Begin PBXNativeTarget section */
		FDE289481F2A4CF20040B3C6 /* SwiftyStrings */ = {
			isa = PBXNativeTarget;
			buildConfigurationList = FDE289661F2A4CF20040B3C6 /* Build configuration list for PBXNativeTarget "SwiftyStrings" */;
			buildPhases = (
				F8E98BE490DBA885CA7250E1 /* [CP] Check Pods Manifest.lock */,
				FDE289451F2A4CF20040B3C6 /* Sources */,
				FDE289461F2A4CF20040B3C6 /* Frameworks */,
				FDE289471F2A4CF20040B3C6 /* Resources */,
				AAB304DFD933F78CCB0F1A5D /* [CP] Embed Pods Frameworks */,
				238B7D4835998793231B4998 /* [CP] Copy Pods Resources */,
			);
			buildRules = (
			);
			dependencies = (
			);
			name = SwiftyStrings;
			productName = SwiftyStrings;
			productReference = FDE289491F2A4CF20040B3C6 /* SwiftyStrings.app */;
			productType = "com.apple.product-type.application";
		};
		FDE2895C1F2A4CF20040B3C6 /* SwiftyStringsTests */ = {
			isa = PBXNativeTarget;
			buildConfigurationList = FDE289691F2A4CF20040B3C6 /* Build configuration list for PBXNativeTarget "SwiftyStringsTests" */;
			buildPhases = (
				FDE289591F2A4CF20040B3C6 /* Sources */,
				FDE2895A1F2A4CF20040B3C6 /* Frameworks */,
				FDE2895B1F2A4CF20040B3C6 /* Resources */,
			);
			buildRules = (
			);
			dependencies = (
				FDE2895F1F2A4CF20040B3C6 /* PBXTargetDependency */,
			);
			name = SwiftyStringsTests;
			productName = SwiftyStringsTests;
			productReference = FDE2895D1F2A4CF20040B3C6 /* SwiftyStringsTests.xctest */;
			productType = "com.apple.product-type.bundle.unit-test";
		};
/* End PBXNativeTarget section */

/* Begin PBXProject section */
		FDE289411F2A4CF20040B3C6 /* Project object */ = {
			isa = PBXProject;
			attributes = {
				LastSwiftUpdateCheck = 0830;
				LastUpgradeCheck = 0830;
				ORGANIZATIONNAME = "Abraham Adberstein";
				TargetAttributes = {
					FDE289481F2A4CF20040B3C6 = {
						CreatedOnToolsVersion = 8.3.3;
						ProvisioningStyle = Automatic;
					};
					FDE2895C1F2A4CF20040B3C6 = {
						CreatedOnToolsVersion = 8.3.3;
						ProvisioningStyle = Automatic;
						TestTargetID = FDE289481F2A4CF20040B3C6;
					};
				};
			};
			buildConfigurationList = FDE289441F2A4CF20040B3C6 /* Build configuration list for PBXProject "SwiftyStrings" */;
			compatibilityVersion = "Xcode 3.2";
			developmentRegion = English;
			hasScannedForEncodings = 0;
			knownRegions = (
				en,
				Base,
			);
			mainGroup = FDE289401F2A4CF20040B3C6;
			productRefGroup = FDE2894A1F2A4CF20040B3C6 /* Products */;
			projectDirPath = "";
			projectRoot = "";
			targets = (
				FDE289481F2A4CF20040B3C6 /* SwiftyStrings */,
				FDE2895C1F2A4CF20040B3C6 /* SwiftyStringsTests */,
			);
		};
/* End PBXProject section */

/* Begin PBXResourcesBuildPhase section */
		FDE289471F2A4CF20040B3C6 /* Resources */ = {
			isa = PBXResourcesBuildPhase;
			buildActionMask = 2147483647;
			files = (
				FDE289571F2A4CF20040B3C6 /* LaunchScreen.storyboard in Resources */,
				FDE289541F2A4CF20040B3C6 /* Assets.xcassets in Resources */,
				FDE289521F2A4CF20040B3C6 /* Main.storyboard in Resources */,
			);
			runOnlyForDeploymentPostprocessing = 0;
		};
		FDE2895B1F2A4CF20040B3C6 /* Resources */ = {
			isa = PBXResourcesBuildPhase;
			buildActionMask = 2147483647;
			files = (
			);
			runOnlyForDeploymentPostprocessing = 0;
		};
/* End PBXResourcesBuildPhase section */

/* Begin PBXShellScriptBuildPhase section */
		238B7D4835998793231B4998 /* [CP] Copy Pods Resources */ = {
			isa = PBXShellScriptBuildPhase;
			buildActionMask = 2147483647;
			files = (
			);
			inputPaths = (
			);
			name = "[CP] Copy Pods Resources";
			outputPaths = (
			);
			runOnlyForDeploymentPostprocessing = 0;
			shellPath = /bin/sh;
			shellScript = "\"${SRCROOT}/Pods/Target Support Files/Pods-SwiftyStrings/Pods-SwiftyStrings-resources.sh\"\n";
			showEnvVarsInLog = 0;
		};
		AAB304DFD933F78CCB0F1A5D /* [CP] Embed Pods Frameworks */ = {
			isa = PBXShellScriptBuildPhase;
			buildActionMask = 2147483647;
			files = (
			);
			inputPaths = (
			);
			name = "[CP] Embed Pods Frameworks";
			outputPaths = (
			);
			runOnlyForDeploymentPostprocessing = 0;
			shellPath = /bin/sh;
			shellScript = "\"${SRCROOT}/Pods/Target Support Files/Pods-SwiftyStrings/Pods-SwiftyStrings-frameworks.sh\"\n";
			showEnvVarsInLog = 0;
		};
		F8E98BE490DBA885CA7250E1 /* [CP] Check Pods Manifest.lock */ = {
			isa = PBXShellScriptBuildPhase;
			buildActionMask = 2147483647;
			files = (
			);
			inputPaths = (
			);
			name = "[CP] Check Pods Manifest.lock";
			outputPaths = (
			);
			runOnlyForDeploymentPostprocessing = 0;
			shellPath = /bin/sh;
			shellScript = "diff \"${PODS_PODFILE_DIR_PATH}/Podfile.lock\" \"${PODS_ROOT}/Manifest.lock\" > /dev/null\nif [ $? != 0 ] ; then\n    # print error to STDERR\n    echo \"error: The sandbox is not in sync with the Podfile.lock. Run 'pod install' or update your CocoaPods installation.\" >&2\n    exit 1\nfi\n";
			showEnvVarsInLog = 0;
		};
/* End PBXShellScriptBuildPhase section */

/* Begin PBXSourcesBuildPhase section */
		FDE289451F2A4CF20040B3C6 /* Sources */ = {
			isa = PBXSourcesBuildPhase;
			buildActionMask = 2147483647;
			files = (
				FDE2894F1F2A4CF20040B3C6 /* ViewController.swift in Sources */,
				FDE2894D1F2A4CF20040B3C6 /* AppDelegate.swift in Sources */,
			);
			runOnlyForDeploymentPostprocessing = 0;
		};
		FDE289591F2A4CF20040B3C6 /* Sources */ = {
			isa = PBXSourcesBuildPhase;
			buildActionMask = 2147483647;
			files = (
				FDE289621F2A4CF20040B3C6 /* SwiftyStringsTests.swift in Sources */,
			);
			runOnlyForDeploymentPostprocessing = 0;
		};
/* End PBXSourcesBuildPhase section */

/* Begin PBXTargetDependency section */
		FDE2895F1F2A4CF20040B3C6 /* PBXTargetDependency */ = {
			isa = PBXTargetDependency;
			target = FDE289481F2A4CF20040B3C6 /* SwiftyStrings */;
			targetProxy = FDE2895E1F2A4CF20040B3C6 /* PBXContainerItemProxy */;
		};
/* End PBXTargetDependency section */

/* Begin PBXVariantGroup section */
		FDE289501F2A4CF20040B3C6 /* Main.storyboard */ = {
			isa = PBXVariantGroup;
			children = (
				FDE289511F2A4CF20040B3C6 /* Base */,
			);
			name = Main.storyboard;
			sourceTree = "<group>";
		};
		FDE289551F2A4CF20040B3C6 /* LaunchScreen.storyboard */ = {
			isa = PBXVariantGroup;
			children = (
				FDE289561F2A4CF20040B3C6 /* Base */,
			);
			name = LaunchScreen.storyboard;
			sourceTree = "<group>";
		};
/* End PBXVariantGroup section */

/* Begin XCBuildConfiguration section */
		FDE289641F2A4CF20040B3C6 /* Debug */ = {
			isa = XCBuildConfiguration;
			buildSettings = {
				ALWAYS_SEARCH_USER_PATHS = NO;
				CLANG_ANALYZER_NONNULL = YES;
				CLANG_ANALYZER_NUMBER_OBJECT_CONVERSION = YES_AGGRESSIVE;
				CLANG_CXX_LANGUAGE_STANDARD = "gnu++0x";
				CLANG_CXX_LIBRARY = "libc++";
				CLANG_ENABLE_MODULES = YES;
				CLANG_ENABLE_OBJC_ARC = YES;
				CLANG_WARN_BOOL_CONVERSION = YES;
				CLANG_WARN_CONSTANT_CONVERSION = YES;
				CLANG_WARN_DIRECT_OBJC_ISA_USAGE = YES_ERROR;
				CLANG_WARN_DOCUMENTATION_COMMENTS = YES;
				CLANG_WARN_EMPTY_BODY = YES;
				CLANG_WARN_ENUM_CONVERSION = YES;
				CLANG_WARN_INFINITE_RECURSION = YES;
				CLANG_WARN_INT_CONVERSION = YES;
				CLANG_WARN_OBJC_ROOT_CLASS = YES_ERROR;
				CLANG_WARN_SUSPICIOUS_MOVE = YES;
				CLANG_WARN_UNREACHABLE_CODE = YES;
				CLANG_WARN__DUPLICATE_METHOD_MATCH = YES;
				"CODE_SIGN_IDENTITY[sdk=iphoneos*]" = "iPhone Developer";
				COPY_PHASE_STRIP = NO;
				DEBUG_INFORMATION_FORMAT = dwarf;
				ENABLE_STRICT_OBJC_MSGSEND = YES;
				ENABLE_TESTABILITY = YES;
				GCC_C_LANGUAGE_STANDARD = gnu99;
				GCC_DYNAMIC_NO_PIC = NO;
				GCC_NO_COMMON_BLOCKS = YES;
				GCC_OPTIMIZATION_LEVEL = 0;
				GCC_PREPROCESSOR_DEFINITIONS = (
					"DEBUG=1",
					"$(inherited)",
				);
				GCC_WARN_64_TO_32_BIT_CONVERSION = YES;
				GCC_WARN_ABOUT_RETURN_TYPE = YES_ERROR;
				GCC_WARN_UNDECLARED_SELECTOR = YES;
				GCC_WARN_UNINITIALIZED_AUTOS = YES_AGGRESSIVE;
				GCC_WARN_UNUSED_FUNCTION = YES;
				GCC_WARN_UNUSED_VARIABLE = YES;
				IPHONEOS_DEPLOYMENT_TARGET = 10.3;
				MTL_ENABLE_DEBUG_INFO = YES;
				ONLY_ACTIVE_ARCH = YES;
				SDKROOT = iphoneos;
				SWIFT_ACTIVE_COMPILATION_CONDITIONS = DEBUG;
				SWIFT_OPTIMIZATION_LEVEL = "-Onone";
				TARGETED_DEVICE_FAMILY = "1,2";
			};
			name = Debug;
		};
		FDE289651F2A4CF20040B3C6 /* Release */ = {
			isa = XCBuildConfiguration;
			buildSettings = {
				ALWAYS_SEARCH_USER_PATHS = NO;
				CLANG_ANALYZER_NONNULL = YES;
				CLANG_ANALYZER_NUMBER_OBJECT_CONVERSION = YES_AGGRESSIVE;
				CLANG_CXX_LANGUAGE_STANDARD = "gnu++0x";
				CLANG_CXX_LIBRARY = "libc++";
				CLANG_ENABLE_MODULES = YES;
				CLANG_ENABLE_OBJC_ARC = YES;
				CLANG_WARN_BOOL_CONVERSION = YES;
				CLANG_WARN_CONSTANT_CONVERSION = YES;
				CLANG_WARN_DIRECT_OBJC_ISA_USAGE = YES_ERROR;
				CLANG_WARN_DOCUMENTATION_COMMENTS = YES;
				CLANG_WARN_EMPTY_BODY = YES;
				CLANG_WARN_ENUM_CONVERSION = YES;
				CLANG_WARN_INFINITE_RECURSION = YES;
				CLANG_WARN_INT_CONVERSION = YES;
				CLANG_WARN_OBJC_ROOT_CLASS = YES_ERROR;
				CLANG_WARN_SUSPICIOUS_MOVE = YES;
				CLANG_WARN_UNREACHABLE_CODE = YES;
				CLANG_WARN__DUPLICATE_METHOD_MATCH = YES;
				"CODE_SIGN_IDENTITY[sdk=iphoneos*]" = "iPhone Developer";
				COPY_PHASE_STRIP = NO;
				DEBUG_INFORMATION_FORMAT = "dwarf-with-dsym";
				ENABLE_NS_ASSERTIONS = NO;
				ENABLE_STRICT_OBJC_MSGSEND = YES;
				GCC_C_LANGUAGE_STANDARD = gnu99;
				GCC_NO_COMMON_BLOCKS = YES;
				GCC_WARN_64_TO_32_BIT_CONVERSION = YES;
				GCC_WARN_ABOUT_RETURN_TYPE = YES_ERROR;
				GCC_WARN_UNDECLARED_SELECTOR = YES;
				GCC_WARN_UNINITIALIZED_AUTOS = YES_AGGRESSIVE;
				GCC_WARN_UNUSED_FUNCTION = YES;
				GCC_WARN_UNUSED_VARIABLE = YES;
				IPHONEOS_DEPLOYMENT_TARGET = 10.3;
				MTL_ENABLE_DEBUG_INFO = NO;
				SDKROOT = iphoneos;
				SWIFT_OPTIMIZATION_LEVEL = "-Owholemodule";
				TARGETED_DEVICE_FAMILY = "1,2";
				VALIDATE_PRODUCT = YES;
			};
			name = Release;
		};
		FDE289671F2A4CF20040B3C6 /* Debug */ = {
			isa = XCBuildConfiguration;
			baseConfigurationReference = 26A817484A4A811CE1D3F608 /* Pods-SwiftyStrings.debug.xcconfig */;
			buildSettings = {
				ASSETCATALOG_COMPILER_APPICON_NAME = AppIcon;
				INFOPLIST_FILE = SwiftyStrings/Info.plist;
				LD_RUNPATH_SEARCH_PATHS = "$(inherited) @executable_path/Frameworks";
				PRODUCT_BUNDLE_IDENTIFIER = jasystems.SwiftyStrings;
				PRODUCT_NAME = "$(TARGET_NAME)";
				SWIFT_VERSION = 3.0;
			};
			name = Debug;
		};
		FDE289681F2A4CF20040B3C6 /* Release */ = {
			isa = XCBuildConfiguration;
			baseConfigurationReference = 4662F688C436BEB4426E568E /* Pods-SwiftyStrings.release.xcconfig */;
			buildSettings = {
				ASSETCATALOG_COMPILER_APPICON_NAME = AppIcon;
				INFOPLIST_FILE = SwiftyStrings/Info.plist;
				LD_RUNPATH_SEARCH_PATHS = "$(inherited) @executable_path/Frameworks";
				PRODUCT_BUNDLE_IDENTIFIER = jasystems.SwiftyStrings;
				PRODUCT_NAME = "$(TARGET_NAME)";
				SWIFT_VERSION = 3.0;
			};
			name = Release;
		};
		FDE2896A1F2A4CF20040B3C6 /* Debug */ = {
			isa = XCBuildConfiguration;
			buildSettings = {
				ALWAYS_EMBED_SWIFT_STANDARD_LIBRARIES = YES;
				BUNDLE_LOADER = "$(TEST_HOST)";
				INFOPLIST_FILE = SwiftyStringsTests/Info.plist;
				LD_RUNPATH_SEARCH_PATHS = "$(inherited) @executable_path/Frameworks @loader_path/Frameworks";
				PRODUCT_BUNDLE_IDENTIFIER = jasystems.SwiftyStringsTests;
				PRODUCT_NAME = "$(TARGET_NAME)";
				SWIFT_VERSION = 3.0;
				TEST_HOST = "$(BUILT_PRODUCTS_DIR)/SwiftyStrings.app/SwiftyStrings";
			};
			name = Debug;
		};
		FDE2896B1F2A4CF20040B3C6 /* Release */ = {
			isa = XCBuildConfiguration;
			buildSettings = {
				ALWAYS_EMBED_SWIFT_STANDARD_LIBRARIES = YES;
				BUNDLE_LOADER = "$(TEST_HOST)";
				INFOPLIST_FILE = SwiftyStringsTests/Info.plist;
				LD_RUNPATH_SEARCH_PATHS = "$(inherited) @executable_path/Frameworks @loader_path/Frameworks";
				PRODUCT_BUNDLE_IDENTIFIER = jasystems.SwiftyStringsTests;
				PRODUCT_NAME = "$(TARGET_NAME)";
				SWIFT_VERSION = 3.0;
				TEST_HOST = "$(BUILT_PRODUCTS_DIR)/SwiftyStrings.app/SwiftyStrings";
			};
			name = Release;
		};
/* End XCBuildConfiguration section */

/* Begin XCConfigurationList section */
		FDE289441F2A4CF20040B3C6 /* Build configuration list for PBXProject "SwiftyStrings" */ = {
			isa = XCConfigurationList;
			buildConfigurations = (
				FDE289641F2A4CF20040B3C6 /* Debug */,
				FDE289651F2A4CF20040B3C6 /* Release */,
			);
			defaultConfigurationIsVisible = 0;
			defaultConfigurationName = Release;
		};
		FDE289661F2A4CF20040B3C6 /* Build configuration list for PBXNativeTarget "SwiftyStrings" */ = {
			isa = XCConfigurationList;
			buildConfigurations = (
				FDE289671F2A4CF20040B3C6 /* Debug */,
				FDE289681F2A4CF20040B3C6 /* Release */,
			);
			defaultConfigurationIsVisible = 0;
		};
		FDE289691F2A4CF20040B3C6 /* Build configuration list for PBXNativeTarget "SwiftyStringsTests" */ = {
			isa = XCConfigurationList;
			buildConfigurations = (
				FDE2896A1F2A4CF20040B3C6 /* Debug */,
				FDE2896B1F2A4CF20040B3C6 /* Release */,
			);
			defaultConfigurationIsVisible = 0;
		};
/* End XCConfigurationList section */
	};
	rootObject = FDE289411F2A4CF20040B3C6 /* Project object */;
}
